
Microsoft Visual Studio Solution File, Format Version 12.00
# Visual Studio Version 17
VisualStudioVersion = 17.8.34322.80
MinimumVisualStudioVersion = 10.0.40219.1
Project("{2150E333-8FDC-42A3-9474-1A3956D46DE8}") = "Core", "Core", "{1868CC51-DD62-4510-82A4-ED32A2139208}"
EndProject
Project("{2150E333-8FDC-42A3-9474-1A3956D46DE8}") = "Infrastructure", "Infrastructure", "{40F30ED0-A058-43B2-83C0-3BACAF02B129}"
EndProject
Project("{FAE04EC0-301F-11D3-BF4B-00C04F79EFBC}") = "Kemet.ERP.Contracts", "Kemet.ERP.Contracts\Kemet.ERP.Contracts.csproj", "{7C5A44E0-CEC3-440F-8C88-4343DD4A7CD0}"
EndProject
Project("{FAE04EC0-301F-11D3-BF4B-00C04F79EFBC}") = "Kemet.ERP.Domain", "Kemet.ERP.Domain\Kemet.ERP.Domain.csproj", "{CF3D7511-DA54-4B8F-8F09-22C7FD649DB2}"
EndProject
Project("{FAE04EC0-301F-11D3-BF4B-00C04F79EFBC}") = "Kemet.ERP.Services", "Kemet.ERP.Services\Kemet.ERP.Services.csproj", "{FE743C61-2800-47D4-89A7-77F9A1D22EDC}"
EndProject
Project("{FAE04EC0-301F-11D3-BF4B-00C04F79EFBC}") = "Kemet.ERP.Abstraction", "Kemet.ERP.Abstraction\Kemet.ERP.Abstraction.csproj", "{9EA02968-0B92-4B0F-92D0-EA6F43BDC8D7}"
EndProject
Project("{FAE04EC0-301F-11D3-BF4B-00C04F79EFBC}") = "Kemet.ERP.Shared", "Kemet.ERP.Shared\Kemet.ERP.Shared.csproj", "{B4D371A8-6362-4FB0-A097-48FAB8F8DC9E}"
EndProject
Project("{FAE04EC0-301F-11D3-BF4B-00C04F79EFBC}") = "Kemet.ERP.Persistence", "Kemet.ERP.Persistence\Kemet.ERP.Persistence.csproj", "{0D09BBC2-F112-4CD2-ABB7-C820287C6E91}"
EndProject
Project("{FAE04EC0-301F-11D3-BF4B-00C04F79EFBC}") = "Kemet.ERP.Presentation", "Kemet.ERP.Presentation\Kemet.ERP.Presentation.csproj", "{8130837E-506E-424B-A04C-643C42C9861D}"
EndProject
Project("{FAE04EC0-301F-11D3-BF4B-00C04F79EFBC}") = "Kemet.ERP.Api", "Kemet.ERP.Api\Kemet.ERP.Api.csproj", "{0EF162FD-DD21-4398-954B-B87568E0D42B}"
EndProject
Project("{2150E333-8FDC-42A3-9474-1A3956D46DE8}") = "Solution Items", "Solution Items", "{F82A9586-7337-4C1D-9809-0C78C6AC1CEB}"
	ProjectSection(SolutionItems) = preProject
		.editorconfig = .editorconfig
	EndProjectSection
EndProject
Global
	GlobalSection(SolutionConfigurationPlatforms) = preSolution
		Debug|Any CPU = Debug|Any CPU
		Release|Any CPU = Release|Any CPU
	EndGlobalSection
	GlobalSection(ProjectConfigurationPlatforms) = postSolution
		{7C5A44E0-CEC3-440F-8C88-4343DD4A7CD0}.Debug|Any CPU.ActiveCfg = Debug|Any CPU
		{7C5A44E0-CEC3-440F-8C88-4343DD4A7CD0}.Debug|Any CPU.Build.0 = Debug|Any CPU
		{7C5A44E0-CEC3-440F-8C88-4343DD4A7CD0}.Release|Any CPU.ActiveCfg = Release|Any CPU
		{7C5A44E0-CEC3-440F-8C88-4343DD4A7CD0}.Release|Any CPU.Build.0 = Release|Any CPU
		{CF3D7511-DA54-4B8F-8F09-22C7FD649DB2}.Debug|Any CPU.ActiveCfg = Debug|Any CPU
		{CF3D7511-DA54-4B8F-8F09-22C7FD649DB2}.Debug|Any CPU.Build.0 = Debug|Any CPU
		{CF3D7511-DA54-4B8F-8F09-22C7FD649DB2}.Release|Any CPU.ActiveCfg = Release|Any CPU
		{CF3D7511-DA54-4B8F-8F09-22C7FD649DB2}.Release|Any CPU.Build.0 = Release|Any CPU
		{FE743C61-2800-47D4-89A7-77F9A1D22EDC}.Debug|Any CPU.ActiveCfg = Debug|Any CPU
		{FE743C61-2800-47D4-89A7-77F9A1D22EDC}.Debug|Any CPU.Build.0 = Debug|Any CPU
		{FE743C61-2800-47D4-89A7-77F9A1D22EDC}.Release|Any CPU.ActiveCfg = Release|Any CPU
		{FE743C61-2800-47D4-89A7-77F9A1D22EDC}.Release|Any CPU.Build.0 = Release|Any CPU
		{9EA02968-0B92-4B0F-92D0-EA6F43BDC8D7}.Debug|Any CPU.ActiveCfg = Debug|Any CPU
		{9EA02968-0B92-4B0F-92D0-EA6F43BDC8D7}.Debug|Any CPU.Build.0 = Debug|Any CPU
		{9EA02968-0B92-4B0F-92D0-EA6F43BDC8D7}.Release|Any CPU.ActiveCfg = Release|Any CPU
		{9EA02968-0B92-4B0F-92D0-EA6F43BDC8D7}.Release|Any CPU.Build.0 = Release|Any CPU
		{B4D371A8-6362-4FB0-A097-48FAB8F8DC9E}.Debug|Any CPU.ActiveCfg = Debug|Any CPU
		{B4D371A8-6362-4FB0-A097-48FAB8F8DC9E}.Debug|Any CPU.Build.0 = Debug|Any CPU
		{B4D371A8-6362-4FB0-A097-48FAB8F8DC9E}.Release|Any CPU.ActiveCfg = Release|Any CPU
		{B4D371A8-6362-4FB0-A097-48FAB8F8DC9E}.Release|Any CPU.Build.0 = Release|Any CPU
		{0D09BBC2-F112-4CD2-ABB7-C820287C6E91}.Debug|Any CPU.ActiveCfg = Debug|Any CPU
		{0D09BBC2-F112-4CD2-ABB7-C820287C6E91}.Debug|Any CPU.Build.0 = Debug|Any CPU
		{0D09BBC2-F112-4CD2-ABB7-C820287C6E91}.Release|Any CPU.ActiveCfg = Release|Any CPU
		{0D09BBC2-F112-4CD2-ABB7-C820287C6E91}.Release|Any CPU.Build.0 = Release|Any CPU
		{8130837E-506E-424B-A04C-643C42C9861D}.Debug|Any CPU.ActiveCfg = Debug|Any CPU
		{8130837E-506E-424B-A04C-643C42C9861D}.Debug|Any CPU.Build.0 = Debug|Any CPU
		{8130837E-506E-424B-A04C-643C42C9861D}.Release|Any CPU.ActiveCfg = Release|Any CPU
		{8130837E-506E-424B-A04C-643C42C9861D}.Release|Any CPU.Build.0 = Release|Any CPU
		{0EF162FD-DD21-4398-954B-B87568E0D42B}.Debug|Any CPU.ActiveCfg = Debug|Any CPU
		{0EF162FD-DD21-4398-954B-B87568E0D42B}.Debug|Any CPU.Build.0 = Debug|Any CPU
		{0EF162FD-DD21-4398-954B-B87568E0D42B}.Release|Any CPU.ActiveCfg = Release|Any CPU
		{0EF162FD-DD21-4398-954B-B87568E0D42B}.Release|Any CPU.Build.0 = Release|Any CPU
	EndGlobalSection
	GlobalSection(SolutionProperties) = preSolution
		HideSolutionNode = FALSE
	EndGlobalSection
	GlobalSection(NestedProjects) = preSolution
		{7C5A44E0-CEC3-440F-8C88-4343DD4A7CD0} = {1868CC51-DD62-4510-82A4-ED32A2139208}
		{CF3D7511-DA54-4B8F-8F09-22C7FD649DB2} = {1868CC51-DD62-4510-82A4-ED32A2139208}
		{FE743C61-2800-47D4-89A7-77F9A1D22EDC} = {1868CC51-DD62-4510-82A4-ED32A2139208}
		{9EA02968-0B92-4B0F-92D0-EA6F43BDC8D7} = {1868CC51-DD62-4510-82A4-ED32A2139208}
		{B4D371A8-6362-4FB0-A097-48FAB8F8DC9E} = {1868CC51-DD62-4510-82A4-ED32A2139208}
		{0D09BBC2-F112-4CD2-ABB7-C820287C6E91} = {40F30ED0-A058-43B2-83C0-3BACAF02B129}
		{8130837E-506E-424B-A04C-643C42C9861D} = {40F30ED0-A058-43B2-83C0-3BACAF02B129}
	EndGlobalSection
	GlobalSection(ExtensibilityGlobals) = postSolution
		SolutionGuid = {BF09296F-4DF7-434C-A19F-75F771902949}
	EndGlobalSection
EndGlobal
